# This file was autogenerated by Stack.
# You should not edit this file by hand.
# For more information, please see the documentation at:
#   https://docs.haskellstack.org/en/stable/lock_files

packages:
- completed:
    commit: 7bb9aa8d29ae2fac8bd2823ebb86117dbc967431
    git: https://github.com/philipp-zahn/open-games-engine.git
    name: open-games-hs
    pantry-tree:
      sha256: 7193b174b19e83b538d08532555f5b27d80f883c1033215586a6e68a6b40fceb
      size: 3769
    version: 0.1.0.0
  original:
    commit: 7bb9aa8d29ae2fac8bd2823ebb86117dbc967431
    git: https://github.com/philipp-zahn/open-games-engine.git
- completed:
    commit: 47686a11bf0135d2f22aba0692ebe6d12a42530f
    git: https://github.com/marcosh/crem.git
    name: crem
    pantry-tree:
      sha256: f1ac5e5af1f22fa039ccae243b7619022bfa58461ee3b4fcb71333dc90f204d2
      size: 4590
    version: 0.1.0.0
  original:
    commit: 47686a11bf0135d2f22aba0692ebe6d12a42530f
    git: https://github.com/marcosh/crem.git
snapshots:
- completed:
    sha256: 126fa33ceb11f5e85ceb4e86d434756bd9a8439e2e5776d306a15fbc63b01e89
    size: 650041
    url: https://raw.githubusercontent.com/commercialhaskell/stackage-snapshots/master/lts/20/20.yaml
  original: lts-20.20
